# THIS IS AN AUTOGENERATED FILE. DO NOT EDIT THIS FILE DIRECTLY.
# yarn lockfile v1


"esbuild-linux-64@0.14.47":
  "integrity" "sha512-nFNOk9vWVfvWYF9YNYksZptgQAdstnDCMtR6m42l5Wfugbzu11VpMCY9XrD4yFxvPo9zmzcoUL/88y0lfJZJJw=="
  "resolved" "https://registry.npmjs.org/esbuild-linux-64/-/esbuild-linux-64-0.14.47.tgz"
  "version" "0.14.47"

"esbuild@^0.14.47":
  "integrity" "sha512-wI4ZiIfFxpkuxB8ju4MHrGwGLyp1+awEHAHVpx6w7a+1pmYIq8T9FGEVVwFo0iFierDoMj++Xq69GXWYn2EiwA=="
  "resolved" "https://registry.npmjs.org/esbuild/-/esbuild-0.14.47.tgz"
  "version" "0.14.47"
  optionalDependencies:
    "esbuild-android-64" "0.14.47"
    "esbuild-android-arm64" "0.14.47"
    "esbuild-darwin-64" "0.14.47"
    "esbuild-darwin-arm64" "0.14.47"
    "esbuild-freebsd-64" "0.14.47"
    "esbuild-freebsd-arm64" "0.14.47"
    "esbuild-linux-32" "0.14.47"
    "esbuild-linux-64" "0.14.47"
    "esbuild-linux-arm" "0.14.47"
    "esbuild-linux-arm64" "0.14.47"
    "esbuild-linux-mips64le" "0.14.47"
    "esbuild-linux-ppc64le" "0.14.47"
    "esbuild-linux-riscv64" "0.14.47"
    "esbuild-linux-s390x" "0.14.47"
    "esbuild-netbsd-64" "0.14.47"
    "esbuild-openbsd-64" "0.14.47"
    "esbuild-sunos-64" "0.14.47"
    "esbuild-windows-32" "0.14.47"
    "esbuild-windows-64" "0.14.47"
    "esbuild-windows-arm64" "0.14.47"

"phoenix_html@file:deps/phoenix_html":
  "resolved" "file:deps/phoenix_html"
  "version" "3.2.0"

"phoenix_live_view@file:deps/phoenix_live_view":
  "resolved" "file:deps/phoenix_live_view"
  "version" "0.17.10"

"phoenix@file:deps/phoenix":
  "resolved" "file:deps/phoenix"
  "version" "1.6.10"

"topbar@^1.0.1":
  "integrity" "sha512-HZqQSMBiG29vcjOrqKCM9iGY/h69G5gQH7ae83ZCPz5uPmbQKwK0sMEqzVDBiu64tWHJ+kk9NApECrF+FAAvRA=="
  "resolved" "https://registry.npmjs.org/topbar/-/topbar-1.0.1.tgz"
  "version" "1.0.1"

"yarn@^1.22.19":
  "integrity" "sha512-/0V5q0WbslqnwP91tirOvldvYISzaqhClxzyUKXYxs07yUILIs5jx/k6CFe8bvKSkds5w+eiOqta39Wk3WxdcQ=="
  "resolved" "https://registry.npmjs.org/yarn/-/yarn-1.22.19.tgz"
  "version" "1.22.19"
